
Microsoft Visual Studio Solution File, Format Version 12.00
# Visual Studio 14
VisualStudioVersion = 14.0.25420.1
MinimumVisualStudioVersion = 10.0.40219.1
Project("{FAE04EC0-301F-11D3-BF4B-00C04F79EFBC}") = "GeoDKPOCDMPTest.Web", "GeoDKPOCDMPTest.Web\GeoDKPOCDMPTest.Web.csproj", "{E9A5921A-2D74-49B3-B010-2C45308BE127}"
	ProjectSection(ProjectDependencies) = postProject
		{F0C14ECB-2C48-4A60-AB29-EEE1693F882A} = {F0C14ECB-2C48-4A60-AB29-EEE1693F882A}
	EndProjectSection
EndProject
Project("{FAE04EC0-301F-11D3-BF4B-00C04F79EFBC}") = "GeoDKPOCDMPTest.Web.Tests", "GeoDKPOCDMPTest.Web.Tests\GeoDKPOCDMPTest.Web.Tests.csproj", "{EB8BC75C-2878-4FDF-8B9A-BC49EBCC1EF3}"
EndProject
Project("{FAE04EC0-301F-11D3-BF4B-00C04F79EFBC}") = "GeoDKPOCDMPTest.WS1", "GeoDKPOCDMPTest.WS1\GeoDKPOCDMPTest.WS1.csproj", "{F0C14ECB-2C48-4A60-AB29-EEE1693F882A}"
EndProject
Project("{FAE04EC0-301F-11D3-BF4B-00C04F79EFBC}") = "GeoDKPOCDMPTest.WS2", "GeoDKPOCDMPTest.WS2\GeoDKPOCDMPTest.WS2.csproj", "{6F07D85E-5A06-421A-B13D-3A0D17195BB1}"
EndProject
Project("{FAE04EC0-301F-11D3-BF4B-00C04F79EFBC}") = "GeoDKPOCDMPTest.Shared", "GeoDKPOCDMPTest.Shared\GeoDKPOCDMPTest.Shared.csproj", "{7E0B4B6A-EFF8-42DD-95DA-3F7B62866457}"
EndProject
Project("{2150E333-8FDC-42A3-9474-1A3956D46DE8}") = "Solution Items", "Solution Items", "{24E75DE3-0965-40A2-BDD4-823CBC1F9041}"
	ProjectSection(SolutionItems) = preProject
		WebEssentials2015-Settings.json = WebEssentials2015-Settings.json
	EndProjectSection
EndProject
Global
	GlobalSection(SolutionConfigurationPlatforms) = preSolution
		Debug|Any CPU = Debug|Any CPU
		Release|Any CPU = Release|Any CPU
	EndGlobalSection
	GlobalSection(ProjectConfigurationPlatforms) = postSolution
		{E9A5921A-2D74-49B3-B010-2C45308BE127}.Debug|Any CPU.ActiveCfg = Debug|Any CPU
		{E9A5921A-2D74-49B3-B010-2C45308BE127}.Debug|Any CPU.Build.0 = Debug|Any CPU
		{E9A5921A-2D74-49B3-B010-2C45308BE127}.Release|Any CPU.ActiveCfg = Release|Any CPU
		{E9A5921A-2D74-49B3-B010-2C45308BE127}.Release|Any CPU.Build.0 = Release|Any CPU
		{EB8BC75C-2878-4FDF-8B9A-BC49EBCC1EF3}.Debug|Any CPU.ActiveCfg = Debug|Any CPU
		{EB8BC75C-2878-4FDF-8B9A-BC49EBCC1EF3}.Debug|Any CPU.Build.0 = Debug|Any CPU
		{EB8BC75C-2878-4FDF-8B9A-BC49EBCC1EF3}.Release|Any CPU.ActiveCfg = Release|Any CPU
		{EB8BC75C-2878-4FDF-8B9A-BC49EBCC1EF3}.Release|Any CPU.Build.0 = Release|Any CPU
		{F0C14ECB-2C48-4A60-AB29-EEE1693F882A}.Debug|Any CPU.ActiveCfg = Debug|Any CPU
		{F0C14ECB-2C48-4A60-AB29-EEE1693F882A}.Debug|Any CPU.Build.0 = Debug|Any CPU
		{F0C14ECB-2C48-4A60-AB29-EEE1693F882A}.Release|Any CPU.ActiveCfg = Release|Any CPU
		{F0C14ECB-2C48-4A60-AB29-EEE1693F882A}.Release|Any CPU.Build.0 = Release|Any CPU
		{6F07D85E-5A06-421A-B13D-3A0D17195BB1}.Debug|Any CPU.ActiveCfg = Debug|Any CPU
		{6F07D85E-5A06-421A-B13D-3A0D17195BB1}.Debug|Any CPU.Build.0 = Debug|Any CPU
		{6F07D85E-5A06-421A-B13D-3A0D17195BB1}.Release|Any CPU.ActiveCfg = Release|Any CPU
		{6F07D85E-5A06-421A-B13D-3A0D17195BB1}.Release|Any CPU.Build.0 = Release|Any CPU
		{7E0B4B6A-EFF8-42DD-95DA-3F7B62866457}.Debug|Any CPU.ActiveCfg = Debug|Any CPU
		{7E0B4B6A-EFF8-42DD-95DA-3F7B62866457}.Debug|Any CPU.Build.0 = Debug|Any CPU
		{7E0B4B6A-EFF8-42DD-95DA-3F7B62866457}.Release|Any CPU.ActiveCfg = Release|Any CPU
		{7E0B4B6A-EFF8-42DD-95DA-3F7B62866457}.Release|Any CPU.Build.0 = Release|Any CPU
	EndGlobalSection
	GlobalSection(SolutionProperties) = preSolution
		HideSolutionNode = FALSE
	EndGlobalSection
EndGlobal
